
Microsoft Visual Studio Solution File, Format Version 12.00
# Visual Studio Version 16
VisualStudioVersion = 16.0.31129.286
MinimumVisualStudioVersion = 10.0.40219.1
Project("{FAE04EC0-301F-11D3-BF4B-00C04F79EFBC}") = "HeritageAnimals", "HeritageAnimals\HeritageAnimals.csproj", "{DCF79648-64F9-49FD-B7A4-9E5A26A26FD9}"
EndProject
Global
	GlobalSection(SolutionConfigurationPlatforms) = preSolution
		Debug|Any CPU = Debug|Any CPU
		Release|Any CPU = Release|Any CPU
	EndGlobalSection
	GlobalSection(ProjectConfigurationPlatforms) = postSolution
		{DCF79648-64F9-49FD-B7A4-9E5A26A26FD9}.Debug|Any CPU.ActiveCfg = Debug|Any CPU
		{DCF79648-64F9-49FD-B7A4-9E5A26A26FD9}.Debug|Any CPU.Build.0 = Debug|Any CPU
		{DCF79648-64F9-49FD-B7A4-9E5A26A26FD9}.Release|Any CPU.ActiveCfg = Release|Any CPU
		{DCF79648-64F9-49FD-B7A4-9E5A26A26FD9}.Release|Any CPU.Build.0 = Release|Any CPU
	EndGlobalSection
	GlobalSection(SolutionProperties) = preSolution
		HideSolutionNode = FALSE
	EndGlobalSection
	GlobalSection(ExtensibilityGlobals) = postSolution
		SolutionGuid = {F07EBC8C-FF78-4B05-B589-0601F0D00C4E}
	EndGlobalSection
EndGlobal
